
Microsoft Visual Studio Solution File, Format Version 12.00
# Visual Studio Version 16
VisualStudioVersion = 16.0.31702.278
MinimumVisualStudioVersion = 10.0.40219.1
Project("{FAE04EC0-301F-11D3-BF4B-00C04F79EFBC}") = "CourierKata", "CourierKata\CourierKata.csproj", "{450168AB-324E-4E61-A836-0CDA03DCEB23}"
EndProject
Project("{FAE04EC0-301F-11D3-BF4B-00C04F79EFBC}") = "CourierKata.Tests", "CourierKata.Tests\CourierKata.Tests.csproj", "{68026195-7BF1-4C35-B9B8-940168758BC3}"
EndProject
Global
	GlobalSection(SolutionConfigurationPlatforms) = preSolution
		Debug|Any CPU = Debug|Any CPU
		Release|Any CPU = Release|Any CPU
	EndGlobalSection
	GlobalSection(ProjectConfigurationPlatforms) = postSolution
		{450168AB-324E-4E61-A836-0CDA03DCEB23}.Debug|Any CPU.ActiveCfg = Debug|Any CPU
		{450168AB-324E-4E61-A836-0CDA03DCEB23}.Debug|Any CPU.Build.0 = Debug|Any CPU
		{450168AB-324E-4E61-A836-0CDA03DCEB23}.Release|Any CPU.ActiveCfg = Release|Any CPU
		{450168AB-324E-4E61-A836-0CDA03DCEB23}.Release|Any CPU.Build.0 = Release|Any CPU
		{68026195-7BF1-4C35-B9B8-940168758BC3}.Debug|Any CPU.ActiveCfg = Debug|Any CPU
		{68026195-7BF1-4C35-B9B8-940168758BC3}.Debug|Any CPU.Build.0 = Debug|Any CPU
		{68026195-7BF1-4C35-B9B8-940168758BC3}.Release|Any CPU.ActiveCfg = Release|Any CPU
		{68026195-7BF1-4C35-B9B8-940168758BC3}.Release|Any CPU.Build.0 = Release|Any CPU
	EndGlobalSection
	GlobalSection(SolutionProperties) = preSolution
		HideSolutionNode = FALSE
	EndGlobalSection
	GlobalSection(ExtensibilityGlobals) = postSolution
		SolutionGuid = {FBE31B95-98EC-4CD9-8257-CD19B4D914CA}
	EndGlobalSection
EndGlobal
